{
  "object": {
    "pins": [
      {
        "package": "ImGui",
        "repositoryURL": "https://github.com/forkercat/SwiftImGui.git",
        "state": {
          "branch": "update-1.86-docking",
          "revision": "336ee0c6649149a2199dc44b7c5f8e5ca1fc0abd",
          "version": null
        }
      }
    ]
  },
  "version": 1
}
